<?xml version="1.0" encoding="utf-8"?>
<Project ToolsVersion="4.0" xmlns="http://schemas.microsoft.com/developer/msbuild/2003">
  <ItemGroup>
    <Filter Include="Source Files">
      <UniqueIdentifier>{4FC737F1-C7A5-4376-A066-2A32D752A2FF}</UniqueIdentifier>
      <Extensions>cpp;c;cc;cxx;def;odl;idl;hpj;bat;asm;asmx</Extensions>
    </Filter>
    <Filter Include="Header Files">
      <UniqueIdentifier>{93995380-89BD-4b04-88EB-625FBE52EBFB}</UniqueIdentifier>
      <Extensions>h;hh;hpp;hxx;hm;inl;inc;ipp;xsd</Extensions>
    </Filter>
    <Filter Include="Resource Files">
      <UniqueIdentifier>{67DA6AB6-F800-4c08-8B7A-83BB121AAD01}</UniqueIdentifier>
      <Extensions>rc;ico;cur;bmp;dlg;rc2;rct;bin;rgs;gif;jpg;jpeg;jpe;resx;tiff;tif;png;wav;mfcribbon-ms</Extensions>
    </Filter>
    <Filter Include="Header Files\External">
      <UniqueIdentifier>{062ee883-b8c1-402e-bd35-d66498700176}</UniqueIdentifier>
    </Filter>
    <Filter Include="Header Files\Modules">
      <UniqueIdentifier>{da391293-ddd7-4f24-8629-cc381e35ac4a}</UniqueIdentifier>
    </Filter>
    <Filter Include="Header Files\Patterns">
      <UniqueIdentifier>{7834871c-aaed-4388-b1ee-77c6411a1332}</UniqueIdentifier>
    </Filter>
    <Filter Include="Source Files\Modules">
      <UniqueIdentifier>{695cee4f-daf3-4fac-9d28-55d122a86b23}</UniqueIdentifier>
    </Filter>
    <Filter Include="Source Files\Patterns">
      <UniqueIdentifier>{6528f690-7077-438b-87a6-8e0998bdbe6c}</UniqueIdentifier>
    </Filter>
    <Filter Include="Shaders">
      <UniqueIdentifier>{ad3901e9-0985-4637-82cf-2fda54f4d099}</UniqueIdentifier>
    </Filter>
    <Filter Include="Shaders\Vertex">
      <UniqueIdentifier>{afde5956-eea0-4b3c-b604-dd34863f8c81}</UniqueIdentifier>
    </Filter>
    <Filter Include="Shaders\Fragment">
      <UniqueIdentifier>{e9024791-7a7b-4a16-8961-95708c473b38}</UniqueIdentifier>
    </Filter>
  </ItemGroup>
  <ItemGroup>
    <ClCompile Include="Main.cpp">
      <Filter>Source Files</Filter>
    </ClCompile>
    <ClCompile Include="Application.cpp">
      <Filter>Source Files</Filter>
    </ClCompile>
    <ClCompile Include="PreCompiledHeader.cpp">
      <Filter>Source Files</Filter>
    </ClCompile>
    <ClCompile Include="Event.cpp">
      <Filter>Source Files\Patterns</Filter>
    </ClCompile>
    <ClCompile Include="Module.cpp">
      <Filter>Source Files\Modules</Filter>
    </ClCompile>
    <ClCompile Include="Observer.cpp">
      <Filter>Source Files\Patterns</Filter>
    </ClCompile>
    <ClCompile Include="Renderer.cpp">
      <Filter>Source Files\Modules</Filter>
    </ClCompile>
    <ClCompile Include="Subject.cpp">
      <Filter>Source Files\Patterns</Filter>
    </ClCompile>
  </ItemGroup>
  <ItemGroup>
    <ClInclude Include="date.h">
      <Filter>Header Files\External</Filter>
    </ClInclude>
    <ClInclude Include="PreCompiledHeader.hpp">
      <Filter>Header Files</Filter>
    </ClInclude>
    <ClInclude Include="Renderer.h">
      <Filter>Header Files\Modules</Filter>
    </ClInclude>
    <ClInclude Include="Module.h">
      <Filter>Header Files\Modules</Filter>
    </ClInclude>
    <ClInclude Include="Observer.h">
      <Filter>Header Files\Patterns</Filter>
    </ClInclude>
    <ClInclude Include="Subject.h">
      <Filter>Header Files\Patterns</Filter>
    </ClInclude>
    <ClInclude Include="Event.h">
      <Filter>Header Files\Patterns</Filter>
    </ClInclude>
    <ClInclude Include="Command.h">
      <Filter>Header Files\Patterns</Filter>
    </ClInclude>
    <ClInclude Include="VulkanSDK\1.2.131.2\Include\vulkan\vulkan.hpp">
      <Filter>Header Files\External</Filter>
    </ClInclude>
    <ClInclude Include="glfw-3.3.2.bin.WIN64\include\GLFW\glfw3.h">
      <Filter>Header Files\External</Filter>
    </ClInclude>
    <ClInclude Include="Application.hpp">
      <Filter>Header Files</Filter>
    </ClInclude>
  </ItemGroup>
  <ItemGroup>
    <None Include="Vertex.vert">
      <Filter>Shaders\Vertex</Filter>
    </None>
    <None Include="Fragment.frag">
      <Filter>Shaders\Fragment</Filter>
    </None>
    <None Include="compile.bat">
      <Filter>Shaders</Filter>
    </None>
  </ItemGroup>
</Project>